{
  "name": "G-Coach",
  "lockfileVersion": 3,
  "requires": true,
  "packages": {
    "": {
      "dependencies": {
        "harper.js": "^2.10.0"
      }
    },
    "node_modules/fflate": {
      "version": "0.8.3",
      "resolved": "https://registry.npmjs.org/fflate/-/fflate-0.8.3.tgz",
      "integrity": "sha512-tbZNuJrLwGUp3zshBtdy4W+ORxZuIh8a5ilyIEQDC5rY1f3U20JMry0Ll3WBzU58EZKsEuJFXhb5gwv8CsPvgA==",
      "license": "MIT"
    },
    "node_modules/harper.js": {
      "version": "2.10.0",
      "resolved": "https://registry.npmjs.org/harper.js/-/harper.js-2.10.0.tgz",
      "integrity": "sha512-s6BDuqtRbX8M/5exH1G5M7VzAuv6l0TagbRxMY37OsrT/1kWFjWmqHydWrkYFqTUW+fFhu4Hj2yUxvChp862Pg==",
      "license": "Apache-2.0",
      "dependencies": {
        "fflate": "^0.8.2"
      }
    }
  }
}
